
Microsoft Visual Studio Solution File, Format Version 12.00
# Blend for Visual Studio Version 17
VisualStudioVersion = 17.2.32210.308
MinimumVisualStudioVersion = 10.0.40219.1
Project("{9A19103F-16F7-4668-BE54-9A1E7A4F7556}") = "The Satan Records Legacy Audio Player", "The Satan Records Legacy Audio Player.csproj", "{D24F1E7D-AF2A-4C9C-BBE4-5EBC99F1FFB4}"
EndProject
Global
	GlobalSection(SolutionConfigurationPlatforms) = preSolution
		Debug|Any CPU = Debug|Any CPU
		Release|Any CPU = Release|Any CPU
	EndGlobalSection
	GlobalSection(ProjectConfigurationPlatforms) = postSolution
		{D24F1E7D-AF2A-4C9C-BBE4-5EBC99F1FFB4}.Debug|Any CPU.ActiveCfg = Debug|Any CPU
		{D24F1E7D-AF2A-4C9C-BBE4-5EBC99F1FFB4}.Debug|Any CPU.Build.0 = Debug|Any CPU
		{D24F1E7D-AF2A-4C9C-BBE4-5EBC99F1FFB4}.Release|Any CPU.ActiveCfg = Release|Any CPU
		{D24F1E7D-AF2A-4C9C-BBE4-5EBC99F1FFB4}.Release|Any CPU.Build.0 = Release|Any CPU
	EndGlobalSection
	GlobalSection(SolutionProperties) = preSolution
		HideSolutionNode = FALSE
	EndGlobalSection
	GlobalSection(ExtensibilityGlobals) = postSolution
		SolutionGuid = {2BAF327F-204E-48E0-B4FF-967C77069435}
	EndGlobalSection
EndGlobal
